{"home_medium.svg":{"id":"9182:4440","name":"home","url":"https://s3-us-west-2.amazonaws.com/figma-alpha-api/img/ad88/832d/10372dbf46a1ba0bddfc888215f4e002","slug":"613d0d9c9c620e9fa9f12fe975b299fd","frame":"secondary_icons_medium","timestamp":1574854448669},"file_add_medium.svg":{"id":"9128:92","name":"file_add","url":"https://s3-us-west-2.amazonaws.com/figma-alpha-api/img/ea9d/9f8c/eec6cd456867c0c9ce331a903cc64de2","slug":"613d0d9c9c620e9fa9f12fe975b299fd","frame":"secondary_icons_medium","timestamp":1574854449095},"refresh_medium.svg":{"id":"9128:90","name":"refresh","url":"https://s3-us-west-2.amazonaws.com/figma-alpha-api/img/11e9/be61/ac381bcabf1e3d299f82e2a5170b5e16","slug":"613d0d9c9c620e9fa9f12fe975b299fd","frame":"secondary_icons_medium","timestamp":1574854449440},"settings_medium.svg":{"id":"9128:88","name":"settings","url":"https://s3-us-west-2.amazonaws.com/figma-alpha-api/img/651e/c445/ba13041184bb99d0760f380d9f117d35","slug":"613d0d9c9c620e9fa9f12fe975b299fd","frame":"secondary_icons_medium","timestamp":1574854449770},"view_off_medium.svg":{"id":"9128:85","name":"view_off","url":"https://s3-us-west-2.amazonaws.com/figma-alpha-api/img/d6af/b647/039457a7d0159476ede8ecfc8c2522f6","slug":"613d0d9c9c620e9fa9f12fe975b299fd","frame":"secondary_icons_medium","timestamp":1574854450156},"view_medium.svg":{"id":"9128:83","name":"view","url":"https://s3-us-west-2.amazonaws.com/figma-alpha-api/img/1d4d/b63d/247bb28d402add39618cb34042bbb85b","slug":"613d0d9c9c620e9fa9f12fe975b299fd","frame":"secondary_icons_medium","timestamp":1574854450518},"redo_medium.svg":{"id":"8914:570","name":"redo","url":"https://s3-us-west-2.amazonaws.com/figma-alpha-api/img/d4ae/3ed3/f5aecb799bb3abed24b083923af7507d","slug":"613d0d9c9c620e9fa9f12fe975b299fd","frame":"secondary_icons_medium","timestamp":1574854450859},"undo_medium.svg":{"id":"8914:569","name":"undo","url":"https://s3-us-west-2.amazonaws.com/figma-alpha-api/img/16c0/2d98/2a0e0c245cc61e753469a126a4fcf395","slug":"613d0d9c9c620e9fa9f12fe975b299fd","frame":"secondary_icons_medium","timestamp":1574854451197},"send_medium.svg":{"id":"8914:568","name":"send","url":"https://s3-us-west-2.amazonaws.com/figma-alpha-api/img/8fad/c841/aca92e2f11a928d56a8e3c67f8138bb1","slug":"613d0d9c9c620e9fa9f12fe975b299fd","frame":"secondary_icons_medium","timestamp":1574854451535},"download_medium.svg":{"id":"828:247","name":"download","url":"https://s3-us-west-2.amazonaws.com/figma-alpha-api/img/a43c/039d/3f154663d2e62b3447345666b0336d2f","slug":"613d0d9c9c620e9fa9f12fe975b299fd","frame":"secondary_icons_medium","timestamp":1574854451865},"upload_medium.svg":{"id":"8074:29","name":"upload","url":"https://s3-us-west-2.amazonaws.com/figma-alpha-api/img/4d0e/5cc9/320ec7ad75d7770c46584253832519a2","slug":"613d0d9c9c620e9fa9f12fe975b299fd","frame":"secondary_icons_medium","timestamp":1574854452202},"list_medium.svg":{"id":"5404:2432","name":"list","url":"https://s3-us-west-2.amazonaws.com/figma-alpha-api/img/d7f8/c575/048c0113873542475db5f6a4732310a8","slug":"613d0d9c9c620e9fa9f12fe975b299fd","frame":"secondary_icons_medium","timestamp":1574854452546},"attachment_medium.svg":{"id":"4814:9","name":"attachment","url":"https://s3-us-west-2.amazonaws.com/figma-alpha-api/img/1aad/455a/5e0cb0ac9e8aafcccc7b68c34c006f0b","slug":"613d0d9c9c620e9fa9f12fe975b299fd","frame":"secondary_icons_medium","timestamp":1574854452895},"bubble_medium.svg":{"id":"4614:37","name":"bubble","url":"https://s3-us-west-2.amazonaws.com/figma-alpha-api/img/3754/adac/6d5a2b6c23e6af8b0d850c409c601578","slug":"613d0d9c9c620e9fa9f12fe975b299fd","frame":"secondary_icons_medium","timestamp":1574854453226},"pencil_medium.svg":{"id":"4614:36","name":"pencil","url":"https://s3-us-west-2.amazonaws.com/figma-alpha-api/img/57c0/0e63/20c78c85f1dd522d04faf46816a9feb5","slug":"613d0d9c9c620e9fa9f12fe975b299fd","frame":"secondary_icons_medium","timestamp":1574854453565},"link_out_medium.svg":{"id":"4594:45","name":"link_out","url":"https://s3-us-west-2.amazonaws.com/figma-alpha-api/img/db4d/6a6e/02280ee3dc78259b258ca3d999a02775","slug":"613d0d9c9c620e9fa9f12fe975b299fd","frame":"secondary_icons_medium","timestamp":1574854453932},"print_medium.svg":{"id":"3666:1343","name":"print","url":"https://s3-us-west-2.amazonaws.com/figma-alpha-api/img/fa12/7b8e/538edd002c8270a3df6a5a7672c5da53","slug":"613d0d9c9c620e9fa9f12fe975b299fd","frame":"secondary_icons_medium","timestamp":1574854454277},"file_medium.svg":{"id":"2937:144","name":"file","url":"https://s3-us-west-2.amazonaws.com/figma-alpha-api/img/5fd5/f29a/0ac309605206cea9160d8a2660e56984","slug":"613d0d9c9c620e9fa9f12fe975b299fd","frame":"secondary_icons_medium","timestamp":1574854454631},"check_alt_01_medium.svg":{"id":"2204:25","name":"check_alt_01","url":"https://s3-us-west-2.amazonaws.com/figma-alpha-api/img/cf49/29f9/6ad2c27df71421e4466dc9e4e5df5c47","slug":"613d0d9c9c620e9fa9f12fe975b299fd","frame":"secondary_icons_medium","timestamp":1574854454981},"trash_medium.svg":{"id":"3666:1356","name":"trash","url":"https://s3-us-west-2.amazonaws.com/figma-alpha-api/img/a0a9/fa3e/c6ae093c0fe79f1e4bb63804d5260200","slug":"613d0d9c9c620e9fa9f12fe975b299fd","frame":"secondary_icons_medium","timestamp":1574854455323},"logout_medium.svg":{"id":"2038:18","name":"logout","url":"https://s3-us-west-2.amazonaws.com/figma-alpha-api/img/564c/76c5/a2f240154fb268b71e78bdb456c3c31a","slug":"613d0d9c9c620e9fa9f12fe975b299fd","frame":"secondary_icons_medium","timestamp":1574854455661},"fullscreen_medium.svg":{"id":"850:86","name":"fullscreen","url":"https://s3-us-west-2.amazonaws.com/figma-alpha-api/img/c2b7/b3ea/f1eb66e2b5d329ecca1a2b620772e6d4","slug":"613d0d9c9c620e9fa9f12fe975b299fd","frame":"secondary_icons_medium","timestamp":1574854456064},"hamburger_medium.svg":{"id":"828:241","name":"hamburger","url":"https://s3-us-west-2.amazonaws.com/figma-alpha-api/img/404a/7a4f/14f9311ab878d62b749eaa6cecda1b0c","slug":"613d0d9c9c620e9fa9f12fe975b299fd","frame":"secondary_icons_medium","timestamp":1574854456416},"home.svg":{"id":"9182:4436","name":"home","url":"https://s3-us-west-2.amazonaws.com/figma-alpha-api/img/55dc/347f/21f258b2295a6cf5b6a1f6c1513b6d54","slug":"1571331780a61c71fb0ca8a0b7aa1bfe","frame":"secondary_icons","timestamp":1574854458748},"file_add.svg":{"id":"9122:25","name":"file_add","url":"https://s3-us-west-2.amazonaws.com/figma-alpha-api/img/1b64/dfda/1f3594b81643463ec756209bebd616c1","slug":"1571331780a61c71fb0ca8a0b7aa1bfe","frame":"secondary_icons","timestamp":1574854459330},"refresh.svg":{"id":"9128:108","name":"refresh","url":"https://s3-us-west-2.amazonaws.com/figma-alpha-api/img/beae/0ca8/f043b1ea0fa047d51614ec7fec188193","slug":"1571331780a61c71fb0ca8a0b7aa1bfe","frame":"secondary_icons","timestamp":1574854459665},"settings.svg":{"id":"9122:8","name":"settings","url":"https://s3-us-west-2.amazonaws.com/figma-alpha-api/img/45e0/3fc4/5beb5317d564627255c9c4a0364ec38f","slug":"1571331780a61c71fb0ca8a0b7aa1bfe","frame":"secondary_icons","timestamp":1574854460007},"view_off.svg":{"id":"9128:105","name":"view_off","url":"https://s3-us-west-2.amazonaws.com/figma-alpha-api/img/d44b/c55c/6a5aa24a75f4223cbdd432ae3f8c63e8","slug":"1571331780a61c71fb0ca8a0b7aa1bfe","frame":"secondary_icons","timestamp":1574854460354},"view.svg":{"id":"9122:32","name":"view","url":"https://s3-us-west-2.amazonaws.com/figma-alpha-api/img/ad6e/97c4/15373cb9ceb035eeb03bee8d36b22453","slug":"1571331780a61c71fb0ca8a0b7aa1bfe","frame":"secondary_icons","timestamp":1574854460684},"redo.svg":{"id":"8914:574","name":"redo","url":"https://s3-us-west-2.amazonaws.com/figma-alpha-api/img/b94d/e378/360c3824da8520fa38ec660ff1192d8a","slug":"1571331780a61c71fb0ca8a0b7aa1bfe","frame":"secondary_icons","timestamp":1574854461027},"undo.svg":{"id":"8914:573","name":"undo","url":"https://s3-us-west-2.amazonaws.com/figma-alpha-api/img/bab7/07c0/c9a48cc370fbe3b0d50999519745fb6c","slug":"1571331780a61c71fb0ca8a0b7aa1bfe","frame":"secondary_icons","timestamp":1574854461358},"send.svg":{"id":"8914:572","name":"send","url":"https://s3-us-west-2.amazonaws.com/figma-alpha-api/img/9707/f936/53d78c1412a716911fc53080b6043318","slug":"1571331780a61c71fb0ca8a0b7aa1bfe","frame":"secondary_icons","timestamp":1574854461719},"download.svg":{"id":"548:139","name":"download","url":"https://s3-us-west-2.amazonaws.com/figma-alpha-api/img/eccc/0483/1fbf14c8f2ed0cf53d9ef290f1dfc6da","slug":"1571331780a61c71fb0ca8a0b7aa1bfe","frame":"secondary_icons","timestamp":1574854462068},"upload.svg":{"id":"8074:28","name":"upload","url":"https://s3-us-west-2.amazonaws.com/figma-alpha-api/img/d8a7/bf7b/5115ee19d2e051dd1eef1b3c13003c78","slug":"1571331780a61c71fb0ca8a0b7aa1bfe","frame":"secondary_icons","timestamp":1574854462414},"list.svg":{"id":"5404:2453","name":"list","url":"https://s3-us-west-2.amazonaws.com/figma-alpha-api/img/c275/d88c/7389d80bda70e22345e1655289a0e03d","slug":"1571331780a61c71fb0ca8a0b7aa1bfe","frame":"secondary_icons","timestamp":1574854462806},"attachment.svg":{"id":"4814:5","name":"attachment","url":"https://s3-us-west-2.amazonaws.com/figma-alpha-api/img/391e/f609/3d12a4c082421ba4fe0889cbdb90d6fd","slug":"1571331780a61c71fb0ca8a0b7aa1bfe","frame":"secondary_icons","timestamp":1574854463152},"bubble.svg":{"id":"4614:10","name":"bubble","url":"https://s3-us-west-2.amazonaws.com/figma-alpha-api/img/be92/9f98/f7e1b372cf49343167c527cc85275056","slug":"1571331780a61c71fb0ca8a0b7aa1bfe","frame":"secondary_icons","timestamp":1574854463498},"pencil.svg":{"id":"4614:6","name":"pencil","url":"https://s3-us-west-2.amazonaws.com/figma-alpha-api/img/e397/9a44/17e747ece3e27f1beb1c21889b4178e3","slug":"1571331780a61c71fb0ca8a0b7aa1bfe","frame":"secondary_icons","timestamp":1574854463875},"link_out.svg":{"id":"4594:38","name":"link_out","url":"https://s3-us-west-2.amazonaws.com/figma-alpha-api/img/0c96/4fb1/4476d116db357134354d9348d4e436e3","slug":"1571331780a61c71fb0ca8a0b7aa1bfe","frame":"secondary_icons","timestamp":1574854464207},"print.svg":{"id":"3660:9","name":"print","url":"https://s3-us-west-2.amazonaws.com/figma-alpha-api/img/1a05/d7a8/ddee355f6dabd01529912bc0b04910f1","slug":"1571331780a61c71fb0ca8a0b7aa1bfe","frame":"secondary_icons","timestamp":1574854464576},"file.svg":{"id":"2937:183","name":"file","url":"https://s3-us-west-2.amazonaws.com/figma-alpha-api/img/7e01/b501/56b168a4e797d1fb2f688487901036bd","slug":"1571331780a61c71fb0ca8a0b7aa1bfe","frame":"secondary_icons","timestamp":1574854464923},"check_alt_01.svg":{"id":"2204:38","name":"check_alt_01","url":"https://s3-us-west-2.amazonaws.com/figma-alpha-api/img/45db/8227/7a8adb9a86b7225c0c0697f702d37618","slug":"1571331780a61c71fb0ca8a0b7aa1bfe","frame":"secondary_icons","timestamp":1574854465253},"trash.svg":{"id":"2038:6858","name":"trash","url":"https://s3-us-west-2.amazonaws.com/figma-alpha-api/img/f72f/1cad/ef0b8d8965d91b485b44f7909f2e562b","slug":"1571331780a61c71fb0ca8a0b7aa1bfe","frame":"secondary_icons","timestamp":1574854465609},"logout.svg":{"id":"2038:16","name":"logout","url":"https://s3-us-west-2.amazonaws.com/figma-alpha-api/img/01ca/9ff0/8699e8c5a1cb6981a859f19ecff1c3a0","slug":"1571331780a61c71fb0ca8a0b7aa1bfe","frame":"secondary_icons","timestamp":1574854465948},"fullscreen.svg":{"id":"850:85","name":"fullscreen","url":"https://s3-us-west-2.amazonaws.com/figma-alpha-api/img/b278/7b23/0365ea4114e8d3cf62c1223641a37a69","slug":"1571331780a61c71fb0ca8a0b7aa1bfe","frame":"secondary_icons","timestamp":1574854466292},"hamburger.svg":{"id":"548:105","name":"hamburger","url":"https://s3-us-west-2.amazonaws.com/figma-alpha-api/img/71a6/842c/f515d7bf6007e77cdc10a2e7a3c91235","slug":"1571331780a61c71fb0ca8a0b7aa1bfe","frame":"secondary_icons","timestamp":1574854466634},"reset_medium.svg":{"id":"9182:4441","name":"reset","url":"https://s3-us-west-2.amazonaws.com/figma-alpha-api/img/d078/12c9/8869b39530c56c0ed295076a50b5332d","slug":"aa12e532f22b1ba10fffe185bdd10dee","frame":"primary_icons_medium","timestamp":1574854470106},"arrow_left_medium.svg":{"id":"8949:5278","name":"arrow_left","url":"https://s3-us-west-2.amazonaws.com/figma-alpha-api/img/09db/2979/797d8002dcc887822ccfed3eb82e22e9","slug":"aa12e532f22b1ba10fffe185bdd10dee","frame":"primary_icons_medium","timestamp":1574854470469},"arrow_right_medium.svg":{"id":"8949:5277","name":"arrow_right","url":"https://s3-us-west-2.amazonaws.com/figma-alpha-api/img/20ed/a93b/cf33099d2cdf563aa6a3c145fda5fdac","slug":"aa12e532f22b1ba10fffe185bdd10dee","frame":"primary_icons_medium","timestamp":1574854470821},"arrow_down_medium.svg":{"id":"8949:4630","name":"arrow_down","url":"https://s3-us-west-2.amazonaws.com/figma-alpha-api/img/e002/1482/2964ba4d4d1974113e291f784efaf948","slug":"aa12e532f22b1ba10fffe185bdd10dee","frame":"primary_icons_medium","timestamp":1574854471169},"arrow_up_medium.svg":{"id":"8949:4629","name":"arrow_up","url":"https://s3-us-west-2.amazonaws.com/figma-alpha-api/img/47e0/db34/817593472c9ea5ef2b3bf6c1f84bccd3","slug":"aa12e532f22b1ba10fffe185bdd10dee","frame":"primary_icons_medium","timestamp":1574854471497},"information_medium.svg":{"id":"4307:1907","name":"information","url":"https://s3-us-west-2.amazonaws.com/figma-alpha-api/img/bf23/cbc0/cba0396a478bb13dc1a5961d067a9e31","slug":"aa12e532f22b1ba10fffe185bdd10dee","frame":"primary_icons_medium","timestamp":1574854471834},"exclamation_medium.svg":{"id":"828:256","name":"exclamation","url":"https://s3-us-west-2.amazonaws.com/figma-alpha-api/img/5b44/cc7d/87cacf814895a20f6041d52eeff0515a","slug":"aa12e532f22b1ba10fffe185bdd10dee","frame":"primary_icons_medium","timestamp":1574854472174},"check_medium.svg":{"id":"2058:35","name":"check","url":"https://s3-us-west-2.amazonaws.com/figma-alpha-api/img/c705/2907/bf7f5ff103d195bae50207e0095ca65b","slug":"aa12e532f22b1ba10fffe185bdd10dee","frame":"primary_icons_medium","timestamp":1574854472593},"more_medium.svg":{"id":"828:254","name":"more","url":"https://s3-us-west-2.amazonaws.com/figma-alpha-api/img/8fdb/7c0c/e991230311f77b0305d2da2a63c3207c","slug":"aa12e532f22b1ba10fffe185bdd10dee","frame":"primary_icons_medium","timestamp":1574854472937},"bell_medium.svg":{"id":"2116:45","name":"bell","url":"https://s3-us-west-2.amazonaws.com/figma-alpha-api/img/b0dc/9b48/d2dc4a4e93304afe1dcd7ff2c98b388d","slug":"aa12e532f22b1ba10fffe185bdd10dee","frame":"primary_icons_medium","timestamp":1574854473276},"search_medium.svg":{"id":"828:252","name":"search","url":"https://s3-us-west-2.amazonaws.com/figma-alpha-api/img/52e3/376b/32ff517fce70e7ec7ded3a60e56fdae9","slug":"aa12e532f22b1ba10fffe185bdd10dee","frame":"primary_icons_medium","timestamp":1574854473608},"question_medium.svg":{"id":"828:251","name":"question","url":"https://s3-us-west-2.amazonaws.com/figma-alpha-api/img/e654/18b0/84e49c2341646b89cd2176a879b8f31d","slug":"aa12e532f22b1ba10fffe185bdd10dee","frame":"primary_icons_medium","timestamp":1574854473944},"calendar_medium.svg":{"id":"1904:30","name":"calendar","url":"https://s3-us-west-2.amazonaws.com/figma-alpha-api/img/2816/fc13/5fc0753f7347df9a6f8252fbfaf67e3c","slug":"aa12e532f22b1ba10fffe185bdd10dee","frame":"primary_icons_medium","timestamp":1574854474293},"subtract_medium.svg":{"id":"828:249","name":"subtract","url":"https://s3-us-west-2.amazonaws.com/figma-alpha-api/img/59eb/c3da/9af33bb93371d6d5a6d9eb5ee0831077","slug":"aa12e532f22b1ba10fffe185bdd10dee","frame":"primary_icons_medium","timestamp":1574854474633},"add_medium.svg":{"id":"828:248","name":"add","url":"https://s3-us-west-2.amazonaws.com/figma-alpha-api/img/7d8a/45f9/8dc32ce113625251ad69fb908b1e5e7d","slug":"aa12e532f22b1ba10fffe185bdd10dee","frame":"primary_icons_medium","timestamp":1574854474973},"save_medium.svg":{"id":"8914:565","name":"save","url":"https://s3-us-west-2.amazonaws.com/figma-alpha-api/img/1d03/2c39/b674e82191a233cae17ccd401d13024f","slug":"aa12e532f22b1ba10fffe185bdd10dee","frame":"primary_icons_medium","timestamp":1574854475319},"close_medium.svg":{"id":"828:246","name":"close","url":"https://s3-us-west-2.amazonaws.com/figma-alpha-api/img/f8c9/a6ea/ff7fa1865f1d7cd15b870333774684bb","slug":"aa12e532f22b1ba10fffe185bdd10dee","frame":"primary_icons_medium","timestamp":1574854475664},"chevron_left_medium.svg":{"id":"828:245","name":"chevron_left","url":"https://s3-us-west-2.amazonaws.com/figma-alpha-api/img/9646/6e52/608b34e771d1f0425206c8c77dddfe7e","slug":"aa12e532f22b1ba10fffe185bdd10dee","frame":"primary_icons_medium","timestamp":1574854475998},"chevron_right_medium.svg":{"id":"828:244","name":"chevron_right","url":"https://s3-us-west-2.amazonaws.com/figma-alpha-api/img/8716/745e/4c768034fe5baf64754f62ab17b8b1cd","slug":"aa12e532f22b1ba10fffe185bdd10dee","frame":"primary_icons_medium","timestamp":1574854476341},"chevron_down_medium.svg":{"id":"828:243","name":"chevron_down","url":"https://s3-us-west-2.amazonaws.com/figma-alpha-api/img/dd4b/995b/567900441590210a846b8cae345edb81","slug":"aa12e532f22b1ba10fffe185bdd10dee","frame":"primary_icons_medium","timestamp":1574854476669},"chevron_up_medium.svg":{"id":"1391:12","name":"chevron_up","url":"https://s3-us-west-2.amazonaws.com/figma-alpha-api/img/08de/cd5c/1f89d207a98da932bc9790186ae2057d","slug":"aa12e532f22b1ba10fffe185bdd10dee","frame":"primary_icons_medium","timestamp":1574854476999},"reset.svg":{"id":"9182:4437","name":"reset","url":"https://s3-us-west-2.amazonaws.com/figma-alpha-api/img/4a13/f8ff/0fb9962e2e5a45dfa29bdf70c044a070","slug":"a086f3051ad3e25ca33bfec9c91abb70","frame":"primary_icons","timestamp":1574854480128},"arrow_left.svg":{"id":"8949:5298","name":"arrow_left","url":"https://s3-us-west-2.amazonaws.com/figma-alpha-api/img/b8d7/f07e/8478fcc06544da148fdc37ed774252ea","slug":"a086f3051ad3e25ca33bfec9c91abb70","frame":"primary_icons","timestamp":1574854480477},"arrow_right.svg":{"id":"8949:5297","name":"arrow_right","url":"https://s3-us-west-2.amazonaws.com/figma-alpha-api/img/c6ac/bc3c/c0e2789e0a1b7ad2daf3980b03f7d7cc","slug":"a086f3051ad3e25ca33bfec9c91abb70","frame":"primary_icons","timestamp":1574854480832},"arrow_down.svg":{"id":"8949:4522","name":"arrow_down","url":"https://s3-us-west-2.amazonaws.com/figma-alpha-api/img/1974/591f/33e133eb3b70305570dc109bc62460c4","slug":"a086f3051ad3e25ca33bfec9c91abb70","frame":"primary_icons","timestamp":1574854481182},"arrow_up.svg":{"id":"8949:4521","name":"arrow_up","url":"https://s3-us-west-2.amazonaws.com/figma-alpha-api/img/f402/1b06/fa90b6921f159cbfaa00a6038ae1f0f7","slug":"a086f3051ad3e25ca33bfec9c91abb70","frame":"primary_icons","timestamp":1574854481508},"information.svg":{"id":"4307:1922","name":"information","url":"https://s3-us-west-2.amazonaws.com/figma-alpha-api/img/7b2d/596d/c8841e12973e92dc17b640c940559538","slug":"a086f3051ad3e25ca33bfec9c91abb70","frame":"primary_icons","timestamp":1574854481848},"exclamation.svg":{"id":"548:84","name":"exclamation","url":"https://s3-us-west-2.amazonaws.com/figma-alpha-api/img/e132/1e83/7920a77924428f83e9c2b685a79258f3","slug":"a086f3051ad3e25ca33bfec9c91abb70","frame":"primary_icons","timestamp":1574854482178},"check.svg":{"id":"2058:30","name":"check","url":"https://s3-us-west-2.amazonaws.com/figma-alpha-api/img/1390/48b8/5c0c1b1ae298f2a168e0a4e8d02c2d1e","slug":"a086f3051ad3e25ca33bfec9c91abb70","frame":"primary_icons","timestamp":1574854482519},"more.svg":{"id":"548:93","name":"more","url":"https://s3-us-west-2.amazonaws.com/figma-alpha-api/img/42c1/6ccd/51769969a56c9eb303f9f299445924a9","slug":"a086f3051ad3e25ca33bfec9c91abb70","frame":"primary_icons","timestamp":1574854482868},"bell.svg":{"id":"2101:4568","name":"bell","url":"https://s3-us-west-2.amazonaws.com/figma-alpha-api/img/09a6/27a6/5c5163be8bed429f7e78ab113f9f14f5","slug":"a086f3051ad3e25ca33bfec9c91abb70","frame":"primary_icons","timestamp":1574854483212},"search.svg":{"id":"548:117","name":"search","url":"https://s3-us-west-2.amazonaws.com/figma-alpha-api/img/7ab5/742a/c9654449568359f04d3906ec25439eb4","slug":"a086f3051ad3e25ca33bfec9c91abb70","frame":"primary_icons","timestamp":1574854483563},"question.svg":{"id":"548:121","name":"question","url":"https://s3-us-west-2.amazonaws.com/figma-alpha-api/img/7542/db40/31a8588953b2b803db8bb956e089d193","slug":"a086f3051ad3e25ca33bfec9c91abb70","frame":"primary_icons","timestamp":1574854483908},"calendar.svg":{"id":"2038:72","name":"calendar","url":"https://s3-us-west-2.amazonaws.com/figma-alpha-api/img/0da2/448e/f4e5a74b9a5cd0d1962efb425445ee8a","slug":"a086f3051ad3e25ca33bfec9c91abb70","frame":"primary_icons","timestamp":1574854484253},"subtract.svg":{"id":"548:132","name":"subtract","url":"https://s3-us-west-2.amazonaws.com/figma-alpha-api/img/692b/21f3/c65ea53621754d8ee209045f9f58e5a4","slug":"a086f3051ad3e25ca33bfec9c91abb70","frame":"primary_icons","timestamp":1574854484602},"add.svg":{"id":"548:135","name":"add","url":"https://s3-us-west-2.amazonaws.com/figma-alpha-api/img/18c9/df10/5b1f5c55217ba26a094a29d9d7a33428","slug":"a086f3051ad3e25ca33bfec9c91abb70","frame":"primary_icons","timestamp":1574854484947},"save.svg":{"id":"8914:566","name":"save","url":"https://s3-us-west-2.amazonaws.com/figma-alpha-api/img/5cab/b214/0279dd8218cb1360c0fad5c1b477f7c8","slug":"a086f3051ad3e25ca33bfec9c91abb70","frame":"primary_icons","timestamp":1574854485277},"close.svg":{"id":"548:144","name":"close","url":"https://s3-us-west-2.amazonaws.com/figma-alpha-api/img/0147/e50b/e3a13741ccaff72c516ab3ea36377f8b","slug":"a086f3051ad3e25ca33bfec9c91abb70","frame":"primary_icons","timestamp":1574854485630},"chevron_left.svg":{"id":"548:148","name":"chevron_left","url":"https://s3-us-west-2.amazonaws.com/figma-alpha-api/img/e242/e355/1579f7cf92c15d570e2446b50fa56a4e","slug":"a086f3051ad3e25ca33bfec9c91abb70","frame":"primary_icons","timestamp":1574854485970},"chevron_right.svg":{"id":"548:152","name":"chevron_right","url":"https://s3-us-west-2.amazonaws.com/figma-alpha-api/img/d079/e314/8165adacf23f74690eac6de0e04e1790","slug":"a086f3051ad3e25ca33bfec9c91abb70","frame":"primary_icons","timestamp":1574854486316},"chevron_up.svg":{"id":"1161:403","name":"chevron_up","url":"https://s3-us-west-2.amazonaws.com/figma-alpha-api/img/da0d/7448/3a44b731c6cac270f95014613a9fa525","slug":"a086f3051ad3e25ca33bfec9c91abb70","frame":"primary_icons","timestamp":1574854486651},"chevron_down.svg":{"id":"548:156","name":"chevron_down","url":"https://s3-us-west-2.amazonaws.com/figma-alpha-api/img/6688/bbbb/4467b6d7a79fa5a9c5e07cb5ae4c0e2f","slug":"a086f3051ad3e25ca33bfec9c91abb70","frame":"primary_icons","timestamp":1574854486989}}