{"list_medium.svg":{"id":"5404:2432","name":"list","url":"https://s3-us-west-2.amazonaws.com/figma-alpha-api/img/d7f8/c575/048c0113873542475db5f6a4732310a8","slug":"cbf00246c3420b5729f9f7c025ecfbbb","frame":"secondary_icons_medium"},"attachment_medium.svg":{"id":"4814:9","name":"attachment","url":"https://s3-us-west-2.amazonaws.com/figma-alpha-api/img/1aad/455a/5e0cb0ac9e8aafcccc7b68c34c006f0b","slug":"cbf00246c3420b5729f9f7c025ecfbbb","frame":"secondary_icons_medium"},"save_alt_01_medium.svg":{"id":"4663:29","name":"save_alt_01","url":"https://s3-us-west-2.amazonaws.com/figma-alpha-api/img/1d03/2c39/b674e82191a233cae17ccd401d13024f","slug":"cbf00246c3420b5729f9f7c025ecfbbb","frame":"secondary_icons_medium"},"bubble_medium.svg":{"id":"4614:37","name":"bubble","url":"https://s3-us-west-2.amazonaws.com/figma-alpha-api/img/3754/adac/6d5a2b6c23e6af8b0d850c409c601578","slug":"cbf00246c3420b5729f9f7c025ecfbbb","frame":"secondary_icons_medium"},"pencil_medium.svg":{"id":"4614:36","name":"pencil","url":"https://s3-us-west-2.amazonaws.com/figma-alpha-api/img/57c0/0e63/20c78c85f1dd522d04faf46816a9feb5","slug":"cbf00246c3420b5729f9f7c025ecfbbb","frame":"secondary_icons_medium"},"link_out_medium.svg":{"id":"4594:45","name":"link_out","url":"https://s3-us-west-2.amazonaws.com/figma-alpha-api/img/db4d/6a6e/02280ee3dc78259b258ca3d999a02775","slug":"cbf00246c3420b5729f9f7c025ecfbbb","frame":"secondary_icons_medium"},"print_medium.svg":{"id":"3666:1343","name":"print","url":"https://s3-us-west-2.amazonaws.com/figma-alpha-api/img/fa12/7b8e/538edd002c8270a3df6a5a7672c5da53","slug":"cbf00246c3420b5729f9f7c025ecfbbb","frame":"secondary_icons_medium"},"file_medium.svg":{"id":"2937:144","name":"file","url":"https://s3-us-west-2.amazonaws.com/figma-alpha-api/img/5fd5/f29a/0ac309605206cea9160d8a2660e56984","slug":"cbf00246c3420b5729f9f7c025ecfbbb","frame":"secondary_icons_medium"},"check_alt_01_medium.svg":{"id":"2204:25","name":"check_alt_01","url":"https://s3-us-west-2.amazonaws.com/figma-alpha-api/img/cf49/29f9/6ad2c27df71421e4466dc9e4e5df5c47","slug":"cbf00246c3420b5729f9f7c025ecfbbb","frame":"secondary_icons_medium"},"trash_medium.svg":{"id":"3666:1356","name":"trash","url":"https://s3-us-west-2.amazonaws.com/figma-alpha-api/img/a0a9/fa3e/c6ae093c0fe79f1e4bb63804d5260200","slug":"cbf00246c3420b5729f9f7c025ecfbbb","frame":"secondary_icons_medium"},"logout_medium.svg":{"id":"2038:18","name":"logout","url":"https://s3-us-west-2.amazonaws.com/figma-alpha-api/img/564c/76c5/a2f240154fb268b71e78bdb456c3c31a","slug":"cbf00246c3420b5729f9f7c025ecfbbb","frame":"secondary_icons_medium"},"fullscreen_medium.svg":{"id":"850:86","name":"fullscreen","url":"https://s3-us-west-2.amazonaws.com/figma-alpha-api/img/c2b7/b3ea/f1eb66e2b5d329ecca1a2b620772e6d4","slug":"cbf00246c3420b5729f9f7c025ecfbbb","frame":"secondary_icons_medium"},"hamburger_medium.svg":{"id":"828:241","name":"hamburger","url":"https://s3-us-west-2.amazonaws.com/figma-alpha-api/img/404a/7a4f/14f9311ab878d62b749eaa6cecda1b0c","slug":"cbf00246c3420b5729f9f7c025ecfbbb","frame":"secondary_icons_medium"},"upload_medium.svg":{"id":"8074:29","name":"upload","url":"https://s3-us-west-2.amazonaws.com/figma-alpha-api/img/4d0e/5cc9/320ec7ad75d7770c46584253832519a2","slug":"cbf00246c3420b5729f9f7c025ecfbbb","frame":"secondary_icons_medium"},"send_medium.svg":{"id":"8542:3141","name":"send","url":"https://s3-us-west-2.amazonaws.com/figma-alpha-api/img/8fad/c841/aca92e2f11a928d56a8e3c67f8138bb1","slug":"cbf00246c3420b5729f9f7c025ecfbbb","frame":"secondary_icons_medium"},"redo_medium.svg":{"id":"8738:3133","name":"redo","url":"https://s3-us-west-2.amazonaws.com/figma-alpha-api/img/d4ae/3ed3/f5aecb799bb3abed24b083923af7507d","slug":"cbf00246c3420b5729f9f7c025ecfbbb","frame":"secondary_icons_medium","timestamp":1571055272469},"undo_medium.svg":{"id":"8738:3132","name":"undo","url":"https://s3-us-west-2.amazonaws.com/figma-alpha-api/img/16c0/2d98/2a0e0c245cc61e753469a126a4fcf395","slug":"cbf00246c3420b5729f9f7c025ecfbbb","frame":"secondary_icons_medium","timestamp":1571055272809},"list.svg":{"id":"5404:2453","name":"list","url":"https://s3-us-west-2.amazonaws.com/figma-alpha-api/img/c275/d88c/7389d80bda70e22345e1655289a0e03d","slug":"f76afaf9a754718646564d75921450b2","frame":"secondary_icons"},"attachment.svg":{"id":"4814:5","name":"attachment","url":"https://s3-us-west-2.amazonaws.com/figma-alpha-api/img/391e/f609/3d12a4c082421ba4fe0889cbdb90d6fd","slug":"f76afaf9a754718646564d75921450b2","frame":"secondary_icons"},"save_alt_01.svg":{"id":"4663:14","name":"save_alt_01","url":"https://s3-us-west-2.amazonaws.com/figma-alpha-api/img/5cab/b214/0279dd8218cb1360c0fad5c1b477f7c8","slug":"f76afaf9a754718646564d75921450b2","frame":"secondary_icons"},"bubble.svg":{"id":"4614:10","name":"bubble","url":"https://s3-us-west-2.amazonaws.com/figma-alpha-api/img/be92/9f98/f7e1b372cf49343167c527cc85275056","slug":"f76afaf9a754718646564d75921450b2","frame":"secondary_icons"},"pencil.svg":{"id":"4614:6","name":"pencil","url":"https://s3-us-west-2.amazonaws.com/figma-alpha-api/img/e397/9a44/17e747ece3e27f1beb1c21889b4178e3","slug":"f76afaf9a754718646564d75921450b2","frame":"secondary_icons"},"link_out.svg":{"id":"4594:38","name":"link_out","url":"https://s3-us-west-2.amazonaws.com/figma-alpha-api/img/0c96/4fb1/4476d116db357134354d9348d4e436e3","slug":"f76afaf9a754718646564d75921450b2","frame":"secondary_icons"},"print.svg":{"id":"3660:9","name":"print","url":"https://s3-us-west-2.amazonaws.com/figma-alpha-api/img/1a05/d7a8/ddee355f6dabd01529912bc0b04910f1","slug":"f76afaf9a754718646564d75921450b2","frame":"secondary_icons"},"file.svg":{"id":"2937:183","name":"file","url":"https://s3-us-west-2.amazonaws.com/figma-alpha-api/img/7e01/b501/56b168a4e797d1fb2f688487901036bd","slug":"f76afaf9a754718646564d75921450b2","frame":"secondary_icons"},"check_alt_01.svg":{"id":"2204:38","name":"check_alt_01","url":"https://s3-us-west-2.amazonaws.com/figma-alpha-api/img/45db/8227/7a8adb9a86b7225c0c0697f702d37618","slug":"f76afaf9a754718646564d75921450b2","frame":"secondary_icons"},"trash.svg":{"id":"2038:6858","name":"trash","url":"https://s3-us-west-2.amazonaws.com/figma-alpha-api/img/f72f/1cad/ef0b8d8965d91b485b44f7909f2e562b","slug":"f76afaf9a754718646564d75921450b2","frame":"secondary_icons"},"logout.svg":{"id":"2038:16","name":"logout","url":"https://s3-us-west-2.amazonaws.com/figma-alpha-api/img/01ca/9ff0/8699e8c5a1cb6981a859f19ecff1c3a0","slug":"f76afaf9a754718646564d75921450b2","frame":"secondary_icons"},"fullscreen.svg":{"id":"850:85","name":"fullscreen","url":"https://s3-us-west-2.amazonaws.com/figma-alpha-api/img/b278/7b23/0365ea4114e8d3cf62c1223641a37a69","slug":"f76afaf9a754718646564d75921450b2","frame":"secondary_icons"},"hamburger.svg":{"id":"548:105","name":"hamburger","url":"https://s3-us-west-2.amazonaws.com/figma-alpha-api/img/71a6/842c/f515d7bf6007e77cdc10a2e7a3c91235","slug":"f76afaf9a754718646564d75921450b2","frame":"secondary_icons"},"upload.svg":{"id":"8074:28","name":"upload","url":"https://s3-us-west-2.amazonaws.com/figma-alpha-api/img/d8a7/bf7b/5115ee19d2e051dd1eef1b3c13003c78","slug":"f76afaf9a754718646564d75921450b2","frame":"secondary_icons"},"send.svg":{"id":"8542:3147","name":"send","url":"https://s3-us-west-2.amazonaws.com/figma-alpha-api/img/9707/f936/53d78c1412a716911fc53080b6043318","slug":"f76afaf9a754718646564d75921450b2","frame":"secondary_icons"},"redo.svg":{"id":"8738:3127","name":"redo","url":"https://s3-us-west-2.amazonaws.com/figma-alpha-api/img/b94d/e378/360c3824da8520fa38ec660ff1192d8a","slug":"f76afaf9a754718646564d75921450b2","frame":"secondary_icons","timestamp":1571055277350},"undo.svg":{"id":"8738:3126","name":"undo","url":"https://s3-us-west-2.amazonaws.com/figma-alpha-api/img/bab7/07c0/c9a48cc370fbe3b0d50999519745fb6c","slug":"f76afaf9a754718646564d75921450b2","frame":"secondary_icons","timestamp":1571055277703},"error_medium.svg":{"id":"7567:3037","name":"error","url":"https://s3-us-west-2.amazonaws.com/figma-alpha-api/img/f378/e4a2/f46fffa300984620ef0045bc2262e73f","slug":"5f65bd20cf0e6825c8a5406e492ca23b","frame":"primary_icons_medium"},"information_medium.svg":{"id":"4307:1907","name":"information","url":"https://s3-us-west-2.amazonaws.com/figma-alpha-api/img/bf23/cbc0/cba0396a478bb13dc1a5961d067a9e31","slug":"5f65bd20cf0e6825c8a5406e492ca23b","frame":"primary_icons_medium"},"exclamation_medium.svg":{"id":"828:256","name":"exclamation","url":"https://s3-us-west-2.amazonaws.com/figma-alpha-api/img/5b44/cc7d/87cacf814895a20f6041d52eeff0515a","slug":"5f65bd20cf0e6825c8a5406e492ca23b","frame":"primary_icons_medium"},"check_medium.svg":{"id":"2058:35","name":"check","url":"https://s3-us-west-2.amazonaws.com/figma-alpha-api/img/c705/2907/bf7f5ff103d195bae50207e0095ca65b","slug":"5f65bd20cf0e6825c8a5406e492ca23b","frame":"primary_icons_medium"},"more_medium.svg":{"id":"828:254","name":"more","url":"https://s3-us-west-2.amazonaws.com/figma-alpha-api/img/8fdb/7c0c/e991230311f77b0305d2da2a63c3207c","slug":"5f65bd20cf0e6825c8a5406e492ca23b","frame":"primary_icons_medium"},"bell_medium.svg":{"id":"2116:45","name":"bell","url":"https://s3-us-west-2.amazonaws.com/figma-alpha-api/img/b0dc/9b48/d2dc4a4e93304afe1dcd7ff2c98b388d","slug":"5f65bd20cf0e6825c8a5406e492ca23b","frame":"primary_icons_medium"},"search_medium.svg":{"id":"828:252","name":"search","url":"https://s3-us-west-2.amazonaws.com/figma-alpha-api/img/52e3/376b/32ff517fce70e7ec7ded3a60e56fdae9","slug":"5f65bd20cf0e6825c8a5406e492ca23b","frame":"primary_icons_medium"},"question_medium.svg":{"id":"828:251","name":"question","url":"https://s3-us-west-2.amazonaws.com/figma-alpha-api/img/e654/18b0/84e49c2341646b89cd2176a879b8f31d","slug":"5f65bd20cf0e6825c8a5406e492ca23b","frame":"primary_icons_medium"},"calendar_medium.svg":{"id":"1904:30","name":"calendar","url":"https://s3-us-west-2.amazonaws.com/figma-alpha-api/img/2816/fc13/5fc0753f7347df9a6f8252fbfaf67e3c","slug":"5f65bd20cf0e6825c8a5406e492ca23b","frame":"primary_icons_medium"},"subtract_medium.svg":{"id":"828:249","name":"subtract","url":"https://s3-us-west-2.amazonaws.com/figma-alpha-api/img/59eb/c3da/9af33bb93371d6d5a6d9eb5ee0831077","slug":"5f65bd20cf0e6825c8a5406e492ca23b","frame":"primary_icons_medium"},"add_medium.svg":{"id":"828:248","name":"add","url":"https://s3-us-west-2.amazonaws.com/figma-alpha-api/img/7d8a/45f9/8dc32ce113625251ad69fb908b1e5e7d","slug":"5f65bd20cf0e6825c8a5406e492ca23b","frame":"primary_icons_medium"},"save_medium.svg":{"id":"828:247","name":"save","url":"https://s3-us-west-2.amazonaws.com/figma-alpha-api/img/e29b/c92e/d3be44b4637ae4d727d7e57f247efc34","slug":"5f65bd20cf0e6825c8a5406e492ca23b","frame":"primary_icons_medium"},"close_medium.svg":{"id":"828:246","name":"close","url":"https://s3-us-west-2.amazonaws.com/figma-alpha-api/img/f8c9/a6ea/ff7fa1865f1d7cd15b870333774684bb","slug":"5f65bd20cf0e6825c8a5406e492ca23b","frame":"primary_icons_medium"},"chevron_left_medium.svg":{"id":"828:245","name":"chevron_left","url":"https://s3-us-west-2.amazonaws.com/figma-alpha-api/img/89ed/4911/b742a1fd9d41bd3f583a7d5ca264273f","slug":"5f65bd20cf0e6825c8a5406e492ca23b","frame":"primary_icons_medium"},"chevron_right_medium.svg":{"id":"828:244","name":"chevron_right","url":"https://s3-us-west-2.amazonaws.com/figma-alpha-api/img/370e/1ab4/7d39a36b108e201eb053ef445c8c1a91","slug":"5f65bd20cf0e6825c8a5406e492ca23b","frame":"primary_icons_medium"},"chevron_down_medium.svg":{"id":"828:243","name":"chevron_down","url":"https://s3-us-west-2.amazonaws.com/figma-alpha-api/img/0da4/2a7e/5bb7a294d0a27376ceca941b45da6ced","slug":"5f65bd20cf0e6825c8a5406e492ca23b","frame":"primary_icons_medium"},"chevron_up_medium.svg":{"id":"1391:12","name":"chevron_up","url":"https://s3-us-west-2.amazonaws.com/figma-alpha-api/img/ef73/1f96/6ea732acaa8f321d0ed7a81ab1f3f908","slug":"5f65bd20cf0e6825c8a5406e492ca23b","frame":"primary_icons_medium"},"error.svg":{"id":"7565:0","name":"error","url":"https://s3-us-west-2.amazonaws.com/figma-alpha-api/img/5b05/331a/9d8491620bbef3912f4375b2de6fa203","slug":"3d7caaada55565874ee26b98b982b9db","frame":"primary_icons"},"information.svg":{"id":"4307:1922","name":"information","url":"https://s3-us-west-2.amazonaws.com/figma-alpha-api/img/7b2d/596d/c8841e12973e92dc17b640c940559538","slug":"3d7caaada55565874ee26b98b982b9db","frame":"primary_icons"},"exclamation.svg":{"id":"548:84","name":"exclamation","url":"https://s3-us-west-2.amazonaws.com/figma-alpha-api/img/e132/1e83/7920a77924428f83e9c2b685a79258f3","slug":"3d7caaada55565874ee26b98b982b9db","frame":"primary_icons"},"check.svg":{"id":"2058:30","name":"check","url":"https://s3-us-west-2.amazonaws.com/figma-alpha-api/img/1390/48b8/5c0c1b1ae298f2a168e0a4e8d02c2d1e","slug":"3d7caaada55565874ee26b98b982b9db","frame":"primary_icons"},"more.svg":{"id":"548:93","name":"more","url":"https://s3-us-west-2.amazonaws.com/figma-alpha-api/img/42c1/6ccd/51769969a56c9eb303f9f299445924a9","slug":"3d7caaada55565874ee26b98b982b9db","frame":"primary_icons"},"bell.svg":{"id":"2101:4568","name":"bell","url":"https://s3-us-west-2.amazonaws.com/figma-alpha-api/img/09a6/27a6/5c5163be8bed429f7e78ab113f9f14f5","slug":"3d7caaada55565874ee26b98b982b9db","frame":"primary_icons"},"search.svg":{"id":"548:117","name":"search","url":"https://s3-us-west-2.amazonaws.com/figma-alpha-api/img/7ab5/742a/c9654449568359f04d3906ec25439eb4","slug":"3d7caaada55565874ee26b98b982b9db","frame":"primary_icons"},"question.svg":{"id":"548:121","name":"question","url":"https://s3-us-west-2.amazonaws.com/figma-alpha-api/img/fe30/3aed/93c42a61dbf70ccbbfedf7cf9ee04c66","slug":"3d7caaada55565874ee26b98b982b9db","frame":"primary_icons"},"calendar.svg":{"id":"2038:72","name":"calendar","url":"https://s3-us-west-2.amazonaws.com/figma-alpha-api/img/0da2/448e/f4e5a74b9a5cd0d1962efb425445ee8a","slug":"3d7caaada55565874ee26b98b982b9db","frame":"primary_icons"},"subtract.svg":{"id":"548:132","name":"subtract","url":"https://s3-us-west-2.amazonaws.com/figma-alpha-api/img/692b/21f3/c65ea53621754d8ee209045f9f58e5a4","slug":"3d7caaada55565874ee26b98b982b9db","frame":"primary_icons"},"add.svg":{"id":"548:135","name":"add","url":"https://s3-us-west-2.amazonaws.com/figma-alpha-api/img/18c9/df10/5b1f5c55217ba26a094a29d9d7a33428","slug":"3d7caaada55565874ee26b98b982b9db","frame":"primary_icons"},"save.svg":{"id":"548:139","name":"save","url":"https://s3-us-west-2.amazonaws.com/figma-alpha-api/img/30d9/0459/9f3eadc161d20346f1cf2e967c98205b","slug":"3d7caaada55565874ee26b98b982b9db","frame":"primary_icons"},"close.svg":{"id":"548:144","name":"close","url":"https://s3-us-west-2.amazonaws.com/figma-alpha-api/img/0147/e50b/e3a13741ccaff72c516ab3ea36377f8b","slug":"3d7caaada55565874ee26b98b982b9db","frame":"primary_icons"},"chevron_left.svg":{"id":"548:148","name":"chevron_left","url":"https://s3-us-west-2.amazonaws.com/figma-alpha-api/img/1fe5/c93c/dd7d73ab0e453e8edab8e8265467b327","slug":"3d7caaada55565874ee26b98b982b9db","frame":"primary_icons"},"chevron_right.svg":{"id":"548:152","name":"chevron_right","url":"https://s3-us-west-2.amazonaws.com/figma-alpha-api/img/d079/e314/8165adacf23f74690eac6de0e04e1790","slug":"3d7caaada55565874ee26b98b982b9db","frame":"primary_icons"},"chevron_up.svg":{"id":"1161:403","name":"chevron_up","url":"https://s3-us-west-2.amazonaws.com/figma-alpha-api/img/aeb2/85e4/208f15da523d0ec834bd358b9291c979","slug":"3d7caaada55565874ee26b98b982b9db","frame":"primary_icons"},"chevron_down.svg":{"id":"548:156","name":"chevron_down","url":"https://s3-us-west-2.amazonaws.com/figma-alpha-api/img/3168/b23d/938ddb61a27402e0a219791bd601eeb6","slug":"3d7caaada55565874ee26b98b982b9db","frame":"primary_icons"}}