{"exclamation.svg":{"id":"548:84","name":"exclamation","timestamp":1542037455820,"slug":"3480f640f59fc605a33a6e6729cef466","frame":"primary_icons"},"check.svg":{"id":"548:89","name":"check","timestamp":1542037457158,"slug":"3480f640f59fc605a33a6e6729cef466","frame":"primary_icons"},"more.svg":{"id":"548:93","name":"more","timestamp":1542037458073,"slug":"3480f640f59fc605a33a6e6729cef466","frame":"primary_icons"},"bell.svg":{"id":"548:113","name":"bell","timestamp":1542037459361,"slug":"3480f640f59fc605a33a6e6729cef466","frame":"primary_icons"},"search.svg":{"id":"548:117","name":"search","timestamp":1542037460771,"slug":"3480f640f59fc605a33a6e6729cef466","frame":"primary_icons"},"question.svg":{"id":"548:121","name":"question","timestamp":1542037461866,"slug":"3480f640f59fc605a33a6e6729cef466","frame":"primary_icons"},"calender.svg":{"id":"548:125","name":"calender","timestamp":1542037462811,"slug":"3480f640f59fc605a33a6e6729cef466","frame":"primary_icons"},"subtract.svg":{"id":"548:132","name":"subtract","timestamp":1542037464288,"slug":"3480f640f59fc605a33a6e6729cef466","frame":"primary_icons"},"add.svg":{"id":"548:135","name":"add","timestamp":1542037465346,"slug":"3480f640f59fc605a33a6e6729cef466","frame":"primary_icons"},"save.svg":{"id":"548:139","name":"save","timestamp":1542037466807,"slug":"3480f640f59fc605a33a6e6729cef466","frame":"primary_icons"},"close.svg":{"id":"548:144","name":"close","timestamp":1542037468005,"slug":"3480f640f59fc605a33a6e6729cef466","frame":"primary_icons"},"chevron_left.svg":{"id":"548:148","name":"chevron-left","timestamp":1542037468989,"slug":"3480f640f59fc605a33a6e6729cef466","frame":"primary_icons"},"chevron_right.svg":{"id":"548:152","name":"chevron-right","timestamp":1542037470007,"slug":"3480f640f59fc605a33a6e6729cef466","frame":"primary_icons"},"chevron_down.svg":{"id":"548:156","name":"chevron-down","timestamp":1542037471649,"slug":"3480f640f59fc605a33a6e6729cef466","frame":"primary_icons"},"exclamation_medium.svg":{"id":"828:256","name":"exclamation","timestamp":1542037472825,"slug":"58ab653f65de319f343230971b8c6e17","frame":"primary_icons_medium"},"check_medium.svg":{"id":"828:255","name":"check","timestamp":1542037474726,"slug":"58ab653f65de319f343230971b8c6e17","frame":"primary_icons_medium"},"more_medium.svg":{"id":"828:254","name":"more","timestamp":1542037475780,"slug":"58ab653f65de319f343230971b8c6e17","frame":"primary_icons_medium"},"bell_medium.svg":{"id":"828:253","name":"bell","timestamp":1542037476732,"slug":"58ab653f65de319f343230971b8c6e17","frame":"primary_icons_medium"},"search_medium.svg":{"id":"828:252","name":"search","timestamp":1542037477719,"slug":"58ab653f65de319f343230971b8c6e17","frame":"primary_icons_medium"},"question_medium.svg":{"id":"828:251","name":"question","timestamp":1542037479342,"slug":"58ab653f65de319f343230971b8c6e17","frame":"primary_icons_medium"},"calender_medium.svg":{"id":"828:250","name":"calender","timestamp":1542037480224,"slug":"58ab653f65de319f343230971b8c6e17","frame":"primary_icons_medium"},"subtract_medium.svg":{"id":"828:249","name":"subtract","timestamp":1542037481173,"slug":"58ab653f65de319f343230971b8c6e17","frame":"primary_icons_medium"},"add_medium.svg":{"id":"828:248","name":"add","timestamp":1542037482179,"slug":"58ab653f65de319f343230971b8c6e17","frame":"primary_icons_medium"},"save_medium.svg":{"id":"828:247","name":"save","timestamp":1542037483211,"slug":"58ab653f65de319f343230971b8c6e17","frame":"primary_icons_medium"},"close_medium.svg":{"id":"828:246","name":"close","timestamp":1542037484285,"slug":"58ab653f65de319f343230971b8c6e17","frame":"primary_icons_medium"},"chevron_left_medium.svg":{"id":"828:245","name":"chevron-left","timestamp":1542037485667,"slug":"58ab653f65de319f343230971b8c6e17","frame":"primary_icons_medium"},"chevron_right_medium.svg":{"id":"828:244","name":"chevron-right","timestamp":1542037486573,"slug":"58ab653f65de319f343230971b8c6e17","frame":"primary_icons_medium"},"chevron_down_medium.svg":{"id":"828:243","name":"chevron-down","timestamp":1542037487538,"slug":"58ab653f65de319f343230971b8c6e17","frame":"primary_icons_medium"},"hamburger.svg":{"id":"548:105","name":"hamburger","timestamp":1542037488786,"slug":"e9f2873c55b2ea63f8bfb62f062c9712","frame":"secondary_icons"},"fullscreen.svg":{"id":"548:98","name":"fullscreen","timestamp":1542037489830,"slug":"e9f2873c55b2ea63f8bfb62f062c9712","frame":"secondary_icons"},"hamburger_medium.svg":{"id":"828:241","name":"hamburger_medium","timestamp":1542037491036,"slug":"f2788520f65e90a09e8071a6dd9041d8","frame":"secondary_icons_medium"},"fullscreen_medium.svg":{"id":"828:242","name":"fullscreen","timestamp":1542037492262,"slug":"f2788520f65e90a09e8071a6dd9041d8","frame":"secondary_icons_medium"}}